
Microsoft Visual Studio Solution File, Format Version 12.00
# Visual Studio 15
VisualStudioVersion = 15.0.27428.2037
MinimumVisualStudioVersion = 10.0.40219.1
Project("{FAE04EC0-301F-11D3-BF4B-00C04F79EFBC}") = "VMail.Android", "VMail\VMail.Android\VMail.Android.csproj", "{90CD6AA4-05F1-4210-8167-00D9DC38A4B4}"
EndProject
Project("{9A19103F-16F7-4668-BE54-9A1E7A4F7556}") = "VMail", "VMail\VMail\VMail.csproj", "{FDA2A815-6F5D-459B-8B81-B538ADD46DA9}"
EndProject
Project("{9A19103F-16F7-4668-BE54-9A1E7A4F7556}") = "Email", "Email\Email.csproj", "{74991560-ECEF-4F5B-A28E-B4A5228CF820}"
EndProject
Global
	GlobalSection(SolutionConfigurationPlatforms) = preSolution
		Ad-Hoc|Any CPU = Ad-Hoc|Any CPU
		Ad-Hoc|ARM = Ad-Hoc|ARM
		Ad-Hoc|iPhone = Ad-Hoc|iPhone
		Ad-Hoc|iPhoneSimulator = Ad-Hoc|iPhoneSimulator
		Ad-Hoc|x64 = Ad-Hoc|x64
		Ad-Hoc|x86 = Ad-Hoc|x86
		AppStore|Any CPU = AppStore|Any CPU
		AppStore|ARM = AppStore|ARM
		AppStore|iPhone = AppStore|iPhone
		AppStore|iPhoneSimulator = AppStore|iPhoneSimulator
		AppStore|x64 = AppStore|x64
		AppStore|x86 = AppStore|x86
		Debug|Any CPU = Debug|Any CPU
		Debug|ARM = Debug|ARM
		Debug|iPhone = Debug|iPhone
		Debug|iPhoneSimulator = Debug|iPhoneSimulator
		Debug|x64 = Debug|x64
		Debug|x86 = Debug|x86
		Release|Any CPU = Release|Any CPU
		Release|ARM = Release|ARM
		Release|iPhone = Release|iPhone
		Release|iPhoneSimulator = Release|iPhoneSimulator
		Release|x64 = Release|x64
		Release|x86 = Release|x86
	EndGlobalSection
	GlobalSection(ProjectConfigurationPlatforms) = postSolution
		{90CD6AA4-05F1-4210-8167-00D9DC38A4B4}.Ad-Hoc|Any CPU.ActiveCfg = Release|Any CPU
		{90CD6AA4-05F1-4210-8167-00D9DC38A4B4}.Ad-Hoc|Any CPU.Build.0 = Release|Any CPU
		{90CD6AA4-05F1-4210-8167-00D9DC38A4B4}.Ad-Hoc|Any CPU.Deploy.0 = Release|Any CPU
		{90CD6AA4-05F1-4210-8167-00D9DC38A4B4}.Ad-Hoc|ARM.ActiveCfg = Release|Any CPU
		{90CD6AA4-05F1-4210-8167-00D9DC38A4B4}.Ad-Hoc|ARM.Build.0 = Release|Any CPU
		{90CD6AA4-05F1-4210-8167-00D9DC38A4B4}.Ad-Hoc|ARM.Deploy.0 = Release|Any CPU
		{90CD6AA4-05F1-4210-8167-00D9DC38A4B4}.Ad-Hoc|iPhone.ActiveCfg = Release|Any CPU
		{90CD6AA4-05F1-4210-8167-00D9DC38A4B4}.Ad-Hoc|iPhone.Build.0 = Release|Any CPU
		{90CD6AA4-05F1-4210-8167-00D9DC38A4B4}.Ad-Hoc|iPhone.Deploy.0 = Release|Any CPU
		{90CD6AA4-05F1-4210-8167-00D9DC38A4B4}.Ad-Hoc|iPhoneSimulator.ActiveCfg = Release|Any CPU
		{90CD6AA4-05F1-4210-8167-00D9DC38A4B4}.Ad-Hoc|iPhoneSimulator.Build.0 = Release|Any CPU
		{90CD6AA4-05F1-4210-8167-00D9DC38A4B4}.Ad-Hoc|iPhoneSimulator.Deploy.0 = Release|Any CPU
		{90CD6AA4-05F1-4210-8167-00D9DC38A4B4}.Ad-Hoc|x64.ActiveCfg = Release|Any CPU
		{90CD6AA4-05F1-4210-8167-00D9DC38A4B4}.Ad-Hoc|x64.Build.0 = Release|Any CPU
		{90CD6AA4-05F1-4210-8167-00D9DC38A4B4}.Ad-Hoc|x64.Deploy.0 = Release|Any CPU
		{90CD6AA4-05F1-4210-8167-00D9DC38A4B4}.Ad-Hoc|x86.ActiveCfg = Release|Any CPU
		{90CD6AA4-05F1-4210-8167-00D9DC38A4B4}.Ad-Hoc|x86.Build.0 = Release|Any CPU
		{90CD6AA4-05F1-4210-8167-00D9DC38A4B4}.Ad-Hoc|x86.Deploy.0 = Release|Any CPU
		{90CD6AA4-05F1-4210-8167-00D9DC38A4B4}.AppStore|Any CPU.ActiveCfg = Release|Any CPU
		{90CD6AA4-05F1-4210-8167-00D9DC38A4B4}.AppStore|Any CPU.Build.0 = Release|Any CPU
		{90CD6AA4-05F1-4210-8167-00D9DC38A4B4}.AppStore|Any CPU.Deploy.0 = Release|Any CPU
		{90CD6AA4-05F1-4210-8167-00D9DC38A4B4}.AppStore|ARM.ActiveCfg = Release|Any CPU
		{90CD6AA4-05F1-4210-8167-00D9DC38A4B4}.AppStore|ARM.Build.0 = Release|Any CPU
		{90CD6AA4-05F1-4210-8167-00D9DC38A4B4}.AppStore|ARM.Deploy.0 = Release|Any CPU
		{90CD6AA4-05F1-4210-8167-00D9DC38A4B4}.AppStore|iPhone.ActiveCfg = Release|Any CPU
		{90CD6AA4-05F1-4210-8167-00D9DC38A4B4}.AppStore|iPhone.Build.0 = Release|Any CPU
		{90CD6AA4-05F1-4210-8167-00D9DC38A4B4}.AppStore|iPhone.Deploy.0 = Release|Any CPU
		{90CD6AA4-05F1-4210-8167-00D9DC38A4B4}.AppStore|iPhoneSimulator.ActiveCfg = Release|Any CPU
		{90CD6AA4-05F1-4210-8167-00D9DC38A4B4}.AppStore|iPhoneSimulator.Build.0 = Release|Any CPU
		{90CD6AA4-05F1-4210-8167-00D9DC38A4B4}.AppStore|iPhoneSimulator.Deploy.0 = Release|Any CPU
		{90CD6AA4-05F1-4210-8167-00D9DC38A4B4}.AppStore|x64.ActiveCfg = Release|Any CPU
		{90CD6AA4-05F1-4210-8167-00D9DC38A4B4}.AppStore|x64.Build.0 = Release|Any CPU
		{90CD6AA4-05F1-4210-8167-00D9DC38A4B4}.AppStore|x64.Deploy.0 = Release|Any CPU
		{90CD6AA4-05F1-4210-8167-00D9DC38A4B4}.AppStore|x86.ActiveCfg = Release|Any CPU
		{90CD6AA4-05F1-4210-8167-00D9DC38A4B4}.AppStore|x86.Build.0 = Release|Any CPU
		{90CD6AA4-05F1-4210-8167-00D9DC38A4B4}.AppStore|x86.Deploy.0 = Release|Any CPU
		{90CD6AA4-05F1-4210-8167-00D9DC38A4B4}.Debug|Any CPU.ActiveCfg = Debug|Any CPU
		{90CD6AA4-05F1-4210-8167-00D9DC38A4B4}.Debug|Any CPU.Build.0 = Debug|Any CPU
		{90CD6AA4-05F1-4210-8167-00D9DC38A4B4}.Debug|Any CPU.Deploy.0 = Debug|Any CPU
		{90CD6AA4-05F1-4210-8167-00D9DC38A4B4}.Debug|ARM.ActiveCfg = Debug|Any CPU
		{90CD6AA4-05F1-4210-8167-00D9DC38A4B4}.Debug|ARM.Build.0 = Debug|Any CPU
		{90CD6AA4-05F1-4210-8167-00D9DC38A4B4}.Debug|ARM.Deploy.0 = Debug|Any CPU
		{90CD6AA4-05F1-4210-8167-00D9DC38A4B4}.Debug|iPhone.ActiveCfg = Debug|Any CPU
		{90CD6AA4-05F1-4210-8167-00D9DC38A4B4}.Debug|iPhone.Build.0 = Debug|Any CPU
		{90CD6AA4-05F1-4210-8167-00D9DC38A4B4}.Debug|iPhone.Deploy.0 = Debug|Any CPU
		{90CD6AA4-05F1-4210-8167-00D9DC38A4B4}.Debug|iPhoneSimulator.ActiveCfg = Debug|Any CPU
		{90CD6AA4-05F1-4210-8167-00D9DC38A4B4}.Debug|iPhoneSimulator.Build.0 = Debug|Any CPU
		{90CD6AA4-05F1-4210-8167-00D9DC38A4B4}.Debug|iPhoneSimulator.Deploy.0 = Debug|Any CPU
		{90CD6AA4-05F1-4210-8167-00D9DC38A4B4}.Debug|x64.ActiveCfg = Debug|Any CPU
		{90CD6AA4-05F1-4210-8167-00D9DC38A4B4}.Debug|x64.Build.0 = Debug|Any CPU
		{90CD6AA4-05F1-4210-8167-00D9DC38A4B4}.Debug|x64.Deploy.0 = Debug|Any CPU
		{90CD6AA4-05F1-4210-8167-00D9DC38A4B4}.Debug|x86.ActiveCfg = Debug|Any CPU
		{90CD6AA4-05F1-4210-8167-00D9DC38A4B4}.Debug|x86.Build.0 = Debug|Any CPU
		{90CD6AA4-05F1-4210-8167-00D9DC38A4B4}.Debug|x86.Deploy.0 = Debug|Any CPU
		{90CD6AA4-05F1-4210-8167-00D9DC38A4B4}.Release|Any CPU.ActiveCfg = Release|Any CPU
		{90CD6AA4-05F1-4210-8167-00D9DC38A4B4}.Release|Any CPU.Build.0 = Release|Any CPU
		{90CD6AA4-05F1-4210-8167-00D9DC38A4B4}.Release|Any CPU.Deploy.0 = Release|Any CPU
		{90CD6AA4-05F1-4210-8167-00D9DC38A4B4}.Release|ARM.ActiveCfg = Release|Any CPU
		{90CD6AA4-05F1-4210-8167-00D9DC38A4B4}.Release|ARM.Build.0 = Release|Any CPU
		{90CD6AA4-05F1-4210-8167-00D9DC38A4B4}.Release|ARM.Deploy.0 = Release|Any CPU
		{90CD6AA4-05F1-4210-8167-00D9DC38A4B4}.Release|iPhone.ActiveCfg = Release|Any CPU
		{90CD6AA4-05F1-4210-8167-00D9DC38A4B4}.Release|iPhone.Build.0 = Release|Any CPU
		{90CD6AA4-05F1-4210-8167-00D9DC38A4B4}.Release|iPhone.Deploy.0 = Release|Any CPU
		{90CD6AA4-05F1-4210-8167-00D9DC38A4B4}.Release|iPhoneSimulator.ActiveCfg = Release|Any CPU
		{90CD6AA4-05F1-4210-8167-00D9DC38A4B4}.Release|iPhoneSimulator.Build.0 = Release|Any CPU
		{90CD6AA4-05F1-4210-8167-00D9DC38A4B4}.Release|iPhoneSimulator.Deploy.0 = Release|Any CPU
		{90CD6AA4-05F1-4210-8167-00D9DC38A4B4}.Release|x64.ActiveCfg = Release|Any CPU
		{90CD6AA4-05F1-4210-8167-00D9DC38A4B4}.Release|x64.Build.0 = Release|Any CPU
		{90CD6AA4-05F1-4210-8167-00D9DC38A4B4}.Release|x64.Deploy.0 = Release|Any CPU
		{90CD6AA4-05F1-4210-8167-00D9DC38A4B4}.Release|x86.ActiveCfg = Release|Any CPU
		{90CD6AA4-05F1-4210-8167-00D9DC38A4B4}.Release|x86.Build.0 = Release|Any CPU
		{90CD6AA4-05F1-4210-8167-00D9DC38A4B4}.Release|x86.Deploy.0 = Release|Any CPU
		{FDA2A815-6F5D-459B-8B81-B538ADD46DA9}.Ad-Hoc|Any CPU.ActiveCfg = Debug|Any CPU
		{FDA2A815-6F5D-459B-8B81-B538ADD46DA9}.Ad-Hoc|Any CPU.Build.0 = Debug|Any CPU
		{FDA2A815-6F5D-459B-8B81-B538ADD46DA9}.Ad-Hoc|ARM.ActiveCfg = Debug|Any CPU
		{FDA2A815-6F5D-459B-8B81-B538ADD46DA9}.Ad-Hoc|ARM.Build.0 = Debug|Any CPU
		{FDA2A815-6F5D-459B-8B81-B538ADD46DA9}.Ad-Hoc|iPhone.ActiveCfg = Debug|Any CPU
		{FDA2A815-6F5D-459B-8B81-B538ADD46DA9}.Ad-Hoc|iPhone.Build.0 = Debug|Any CPU
		{FDA2A815-6F5D-459B-8B81-B538ADD46DA9}.Ad-Hoc|iPhoneSimulator.ActiveCfg = Debug|Any CPU
		{FDA2A815-6F5D-459B-8B81-B538ADD46DA9}.Ad-Hoc|iPhoneSimulator.Build.0 = Debug|Any CPU
		{FDA2A815-6F5D-459B-8B81-B538ADD46DA9}.Ad-Hoc|x64.ActiveCfg = Debug|Any CPU
		{FDA2A815-6F5D-459B-8B81-B538ADD46DA9}.Ad-Hoc|x64.Build.0 = Debug|Any CPU
		{FDA2A815-6F5D-459B-8B81-B538ADD46DA9}.Ad-Hoc|x86.ActiveCfg = Debug|Any CPU
		{FDA2A815-6F5D-459B-8B81-B538ADD46DA9}.Ad-Hoc|x86.Build.0 = Debug|Any CPU
		{FDA2A815-6F5D-459B-8B81-B538ADD46DA9}.AppStore|Any CPU.ActiveCfg = Debug|Any CPU
		{FDA2A815-6F5D-459B-8B81-B538ADD46DA9}.AppStore|Any CPU.Build.0 = Debug|Any CPU
		{FDA2A815-6F5D-459B-8B81-B538ADD46DA9}.AppStore|ARM.ActiveCfg = Debug|Any CPU
		{FDA2A815-6F5D-459B-8B81-B538ADD46DA9}.AppStore|ARM.Build.0 = Debug|Any CPU
		{FDA2A815-6F5D-459B-8B81-B538ADD46DA9}.AppStore|iPhone.ActiveCfg = Debug|Any CPU
		{FDA2A815-6F5D-459B-8B81-B538ADD46DA9}.AppStore|iPhone.Build.0 = Debug|Any CPU
		{FDA2A815-6F5D-459B-8B81-B538ADD46DA9}.AppStore|iPhoneSimulator.ActiveCfg = Debug|Any CPU
		{FDA2A815-6F5D-459B-8B81-B538ADD46DA9}.AppStore|iPhoneSimulator.Build.0 = Debug|Any CPU
		{FDA2A815-6F5D-459B-8B81-B538ADD46DA9}.AppStore|x64.ActiveCfg = Debug|Any CPU
		{FDA2A815-6F5D-459B-8B81-B538ADD46DA9}.AppStore|x64.Build.0 = Debug|Any CPU
		{FDA2A815-6F5D-459B-8B81-B538ADD46DA9}.AppStore|x86.ActiveCfg = Debug|Any CPU
		{FDA2A815-6F5D-459B-8B81-B538ADD46DA9}.AppStore|x86.Build.0 = Debug|Any CPU
		{FDA2A815-6F5D-459B-8B81-B538ADD46DA9}.Debug|Any CPU.ActiveCfg = Debug|Any CPU
		{FDA2A815-6F5D-459B-8B81-B538ADD46DA9}.Debug|Any CPU.Build.0 = Debug|Any CPU
		{FDA2A815-6F5D-459B-8B81-B538ADD46DA9}.Debug|ARM.ActiveCfg = Debug|Any CPU
		{FDA2A815-6F5D-459B-8B81-B538ADD46DA9}.Debug|ARM.Build.0 = Debug|Any CPU
		{FDA2A815-6F5D-459B-8B81-B538ADD46DA9}.Debug|iPhone.ActiveCfg = Debug|Any CPU
		{FDA2A815-6F5D-459B-8B81-B538ADD46DA9}.Debug|iPhone.Build.0 = Debug|Any CPU
		{FDA2A815-6F5D-459B-8B81-B538ADD46DA9}.Debug|iPhoneSimulator.ActiveCfg = Debug|Any CPU
		{FDA2A815-6F5D-459B-8B81-B538ADD46DA9}.Debug|iPhoneSimulator.Build.0 = Debug|Any CPU
		{FDA2A815-6F5D-459B-8B81-B538ADD46DA9}.Debug|x64.ActiveCfg = Debug|Any CPU
		{FDA2A815-6F5D-459B-8B81-B538ADD46DA9}.Debug|x64.Build.0 = Debug|Any CPU
		{FDA2A815-6F5D-459B-8B81-B538ADD46DA9}.Debug|x86.ActiveCfg = Debug|Any CPU
		{FDA2A815-6F5D-459B-8B81-B538ADD46DA9}.Debug|x86.Build.0 = Debug|Any CPU
		{FDA2A815-6F5D-459B-8B81-B538ADD46DA9}.Release|Any CPU.ActiveCfg = Release|Any CPU
		{FDA2A815-6F5D-459B-8B81-B538ADD46DA9}.Release|Any CPU.Build.0 = Release|Any CPU
		{FDA2A815-6F5D-459B-8B81-B538ADD46DA9}.Release|ARM.ActiveCfg = Release|Any CPU
		{FDA2A815-6F5D-459B-8B81-B538ADD46DA9}.Release|ARM.Build.0 = Release|Any CPU
		{FDA2A815-6F5D-459B-8B81-B538ADD46DA9}.Release|iPhone.ActiveCfg = Release|Any CPU
		{FDA2A815-6F5D-459B-8B81-B538ADD46DA9}.Release|iPhone.Build.0 = Release|Any CPU
		{FDA2A815-6F5D-459B-8B81-B538ADD46DA9}.Release|iPhoneSimulator.ActiveCfg = Release|Any CPU
		{FDA2A815-6F5D-459B-8B81-B538ADD46DA9}.Release|iPhoneSimulator.Build.0 = Release|Any CPU
		{FDA2A815-6F5D-459B-8B81-B538ADD46DA9}.Release|x64.ActiveCfg = Release|Any CPU
		{FDA2A815-6F5D-459B-8B81-B538ADD46DA9}.Release|x64.Build.0 = Release|Any CPU
		{FDA2A815-6F5D-459B-8B81-B538ADD46DA9}.Release|x86.ActiveCfg = Release|Any CPU
		{FDA2A815-6F5D-459B-8B81-B538ADD46DA9}.Release|x86.Build.0 = Release|Any CPU
		{74991560-ECEF-4F5B-A28E-B4A5228CF820}.Ad-Hoc|Any CPU.ActiveCfg = Debug|Any CPU
		{74991560-ECEF-4F5B-A28E-B4A5228CF820}.Ad-Hoc|Any CPU.Build.0 = Debug|Any CPU
		{74991560-ECEF-4F5B-A28E-B4A5228CF820}.Ad-Hoc|ARM.ActiveCfg = Debug|Any CPU
		{74991560-ECEF-4F5B-A28E-B4A5228CF820}.Ad-Hoc|ARM.Build.0 = Debug|Any CPU
		{74991560-ECEF-4F5B-A28E-B4A5228CF820}.Ad-Hoc|iPhone.ActiveCfg = Debug|Any CPU
		{74991560-ECEF-4F5B-A28E-B4A5228CF820}.Ad-Hoc|iPhone.Build.0 = Debug|Any CPU
		{74991560-ECEF-4F5B-A28E-B4A5228CF820}.Ad-Hoc|iPhoneSimulator.ActiveCfg = Debug|Any CPU
		{74991560-ECEF-4F5B-A28E-B4A5228CF820}.Ad-Hoc|iPhoneSimulator.Build.0 = Debug|Any CPU
		{74991560-ECEF-4F5B-A28E-B4A5228CF820}.Ad-Hoc|x64.ActiveCfg = Debug|Any CPU
		{74991560-ECEF-4F5B-A28E-B4A5228CF820}.Ad-Hoc|x64.Build.0 = Debug|Any CPU
		{74991560-ECEF-4F5B-A28E-B4A5228CF820}.Ad-Hoc|x86.ActiveCfg = Debug|Any CPU
		{74991560-ECEF-4F5B-A28E-B4A5228CF820}.Ad-Hoc|x86.Build.0 = Debug|Any CPU
		{74991560-ECEF-4F5B-A28E-B4A5228CF820}.AppStore|Any CPU.ActiveCfg = Debug|Any CPU
		{74991560-ECEF-4F5B-A28E-B4A5228CF820}.AppStore|Any CPU.Build.0 = Debug|Any CPU
		{74991560-ECEF-4F5B-A28E-B4A5228CF820}.AppStore|ARM.ActiveCfg = Debug|Any CPU
		{74991560-ECEF-4F5B-A28E-B4A5228CF820}.AppStore|ARM.Build.0 = Debug|Any CPU
		{74991560-ECEF-4F5B-A28E-B4A5228CF820}.AppStore|iPhone.ActiveCfg = Debug|Any CPU
		{74991560-ECEF-4F5B-A28E-B4A5228CF820}.AppStore|iPhone.Build.0 = Debug|Any CPU
		{74991560-ECEF-4F5B-A28E-B4A5228CF820}.AppStore|iPhoneSimulator.ActiveCfg = Debug|Any CPU
		{74991560-ECEF-4F5B-A28E-B4A5228CF820}.AppStore|iPhoneSimulator.Build.0 = Debug|Any CPU
		{74991560-ECEF-4F5B-A28E-B4A5228CF820}.AppStore|x64.ActiveCfg = Debug|Any CPU
		{74991560-ECEF-4F5B-A28E-B4A5228CF820}.AppStore|x64.Build.0 = Debug|Any CPU
		{74991560-ECEF-4F5B-A28E-B4A5228CF820}.AppStore|x86.ActiveCfg = Debug|Any CPU
		{74991560-ECEF-4F5B-A28E-B4A5228CF820}.AppStore|x86.Build.0 = Debug|Any CPU
		{74991560-ECEF-4F5B-A28E-B4A5228CF820}.Debug|Any CPU.ActiveCfg = Debug|Any CPU
		{74991560-ECEF-4F5B-A28E-B4A5228CF820}.Debug|Any CPU.Build.0 = Debug|Any CPU
		{74991560-ECEF-4F5B-A28E-B4A5228CF820}.Debug|ARM.ActiveCfg = Debug|Any CPU
		{74991560-ECEF-4F5B-A28E-B4A5228CF820}.Debug|ARM.Build.0 = Debug|Any CPU
		{74991560-ECEF-4F5B-A28E-B4A5228CF820}.Debug|iPhone.ActiveCfg = Debug|Any CPU
		{74991560-ECEF-4F5B-A28E-B4A5228CF820}.Debug|iPhone.Build.0 = Debug|Any CPU
		{74991560-ECEF-4F5B-A28E-B4A5228CF820}.Debug|iPhoneSimulator.ActiveCfg = Debug|Any CPU
		{74991560-ECEF-4F5B-A28E-B4A5228CF820}.Debug|iPhoneSimulator.Build.0 = Debug|Any CPU
		{74991560-ECEF-4F5B-A28E-B4A5228CF820}.Debug|x64.ActiveCfg = Debug|Any CPU
		{74991560-ECEF-4F5B-A28E-B4A5228CF820}.Debug|x64.Build.0 = Debug|Any CPU
		{74991560-ECEF-4F5B-A28E-B4A5228CF820}.Debug|x86.ActiveCfg = Debug|Any CPU
		{74991560-ECEF-4F5B-A28E-B4A5228CF820}.Debug|x86.Build.0 = Debug|Any CPU
		{74991560-ECEF-4F5B-A28E-B4A5228CF820}.Release|Any CPU.ActiveCfg = Release|Any CPU
		{74991560-ECEF-4F5B-A28E-B4A5228CF820}.Release|Any CPU.Build.0 = Release|Any CPU
		{74991560-ECEF-4F5B-A28E-B4A5228CF820}.Release|ARM.ActiveCfg = Release|Any CPU
		{74991560-ECEF-4F5B-A28E-B4A5228CF820}.Release|ARM.Build.0 = Release|Any CPU
		{74991560-ECEF-4F5B-A28E-B4A5228CF820}.Release|iPhone.ActiveCfg = Release|Any CPU
		{74991560-ECEF-4F5B-A28E-B4A5228CF820}.Release|iPhone.Build.0 = Release|Any CPU
		{74991560-ECEF-4F5B-A28E-B4A5228CF820}.Release|iPhoneSimulator.ActiveCfg = Release|Any CPU
		{74991560-ECEF-4F5B-A28E-B4A5228CF820}.Release|iPhoneSimulator.Build.0 = Release|Any CPU
		{74991560-ECEF-4F5B-A28E-B4A5228CF820}.Release|x64.ActiveCfg = Release|Any CPU
		{74991560-ECEF-4F5B-A28E-B4A5228CF820}.Release|x64.Build.0 = Release|Any CPU
		{74991560-ECEF-4F5B-A28E-B4A5228CF820}.Release|x86.ActiveCfg = Release|Any CPU
		{74991560-ECEF-4F5B-A28E-B4A5228CF820}.Release|x86.Build.0 = Release|Any CPU
	EndGlobalSection
	GlobalSection(SolutionProperties) = preSolution
		HideSolutionNode = FALSE
	EndGlobalSection
	GlobalSection(ExtensibilityGlobals) = postSolution
		SolutionGuid = {A1C91416-DC31-4F6E-8CBB-ED23AE085631}
	EndGlobalSection
EndGlobal
